// !$*UTF8*$!
{
	archiveVersion = 1;
	classes = {
	};
	objectVersion = 50;
	objects = {

/* Begin PBXBuildFile section */
		1CA7AD10249AA5980064282D /* AppDelegate.swift in Sources */ = {isa = PBXBuildFile; fileRef = 1CA7AD0F249AA5980064282D /* AppDelegate.swift */; };
		1CA7AD12249AA5980064282D /* SceneDelegate.swift in Sources */ = {isa = PBXBuildFile; fileRef = 1CA7AD11249AA5980064282D /* SceneDelegate.swift */; };
		1CA7AD14249AA5980064282D /* ViewController.swift in Sources */ = {isa = PBXBuildFile; fileRef = 1CA7AD13249AA5980064282D /* ViewController.swift */; };
		1CA7AD17249AA5980064282D /* Main.storyboard in Resources */ = {isa = PBXBuildFile; fileRef = 1CA7AD15249AA5980064282D /* Main.storyboard */; };
		1CA7AD19249AA59C0064282D /* Assets.xcassets in Resources */ = {isa = PBXBuildFile; fileRef = 1CA7AD18249AA59C0064282D /* Assets.xcassets */; };
		1CA7AD1C249AA59C0064282D /* LaunchScreen.storyboard in Resources */ = {isa = PBXBuildFile; fileRef = 1CA7AD1A249AA59C0064282D /* LaunchScreen.storyboard */; };
		1CA7AD27249AA59D0064282D /* PrototypeTests.swift in Sources */ = {isa = PBXBuildFile; fileRef = 1CA7AD26249AA59D0064282D /* PrototypeTests.swift */; };
		1CA7AD32249AA59D0064282D /* PrototypeUITests.swift in Sources */ = {isa = PBXBuildFile; fileRef = 1CA7AD31249AA59D0064282D /* PrototypeUITests.swift */; };
/* End PBXBuildFile section */

/* Begin PBXContainerItemProxy section */
		1CA7AD23249AA59D0064282D /* PBXContainerItemProxy */ = {
			isa = PBXContainerItemProxy;
			containerPortal = 1CA7AD04249AA5970064282D /* Project object */;
			proxyType = 1;
			remoteGlobalIDString = 1CA7AD0B249AA5980064282D;
			remoteInfo = Prototype;
		};
		1CA7AD2E249AA59D0064282D /* PBXContainerItemProxy */ = {
			isa = PBXContainerItemProxy;
			containerPortal = 1CA7AD04249AA5970064282D /* Project object */;
			proxyType = 1;
			remoteGlobalIDString = 1CA7AD0B249AA5980064282D;
			remoteInfo = Prototype;
		};
/* End PBXContainerItemProxy section */

/* Begin PBXFileReference section */
		1CA7AD0C249AA5980064282D /* Prototype.app */ = {isa = PBXFileReference; explicitFileType = wrapper.application; includeInIndex = 0; path = Prototype.app; sourceTree = BUILT_PRODUCTS_DIR; };
		1CA7AD0F249AA5980064282D /* AppDelegate.swift */ = {isa = PBXFileReference; lastKnownFileType = sourcecode.swift; path = AppDelegate.swift; sourceTree = "<group>"; };
		1CA7AD11249AA5980064282D /* SceneDelegate.swift */ = {isa = PBXFileReference; lastKnownFileType = sourcecode.swift; path = SceneDelegate.swift; sourceTree = "<group>"; };
		1CA7AD13249AA5980064282D /* ViewController.swift */ = {isa = PBXFileReference; lastKnownFileType = sourcecode.swift; path = ViewController.swift; sourceTree = "<group>"; };
		1CA7AD16249AA5980064282D /* Base */ = {isa = PBXFileReference; lastKnownFileType = file.storyboard; name = Base; path = Base.lproj/Main.storyboard; sourceTree = "<group>"; };
		1CA7AD18249AA59C0064282D /* Assets.xcassets */ = {isa = PBXFileReference; lastKnownFileType = folder.assetcatalog; path = Assets.xcassets; sourceTree = "<group>"; };
		1CA7AD1B249AA59C0064282D /* Base */ = {isa = PBXFileReference; lastKnownFileType = file.storyboard; name = Base; path = Base.lproj/LaunchScreen.storyboard; sourceTree = "<group>"; };
		1CA7AD1D249AA59C0064282D /* Info.plist */ = {isa = PBXFileReference; lastKnownFileType = text.plist.xml; path = Info.plist; sourceTree = "<group>"; };
		1CA7AD22249AA59D0064282D /* PrototypeTests.xctest */ = {isa = PBXFileReference; explicitFileType = wrapper.cfbundle; includeInIndex = 0; path = PrototypeTests.xctest; sourceTree = BUILT_PRODUCTS_DIR; };
		1CA7AD26249AA59D0064282D /* PrototypeTests.swift */ = {isa = PBXFileReference; lastKnownFileType = sourcecode.swift; path = PrototypeTests.swift; sourceTree = "<group>"; };
		1CA7AD28249AA59D0064282D /* Info.plist */ = {isa = PBXFileReference; lastKnownFileType = text.plist.xml; path = Info.plist; sourceTree = "<group>"; };
		1CA7AD2D249AA59D0064282D /* PrototypeUITests.xctest */ = {isa = PBXFileReference; explicitFileType = wrapper.cfbundle; includeInIndex = 0; path = PrototypeUITests.xctest; sourceTree = BUILT_PRODUCTS_DIR; };
		1CA7AD31249AA59D0064282D /* PrototypeUITests.swift */ = {isa = PBXFileReference; lastKnownFileType = sourcecode.swift; path = PrototypeUITests.swift; sourceTree = "<group>"; };
		1CA7AD33249AA59D0064282D /* Info.plist */ = {isa = PBXFileReference; lastKnownFileType = text.plist.xml; path = Info.plist; sourceTree = "<group>"; };
/* End PBXFileReference section */

/* Begin PBXFrameworksBuildPhase section */
		1CA7AD09249AA5980064282D /* Frameworks */ = {
			isa = PBXFrameworksBuildPhase;
			buildActionMask = 2147483647;
			files = (
			);
			runOnlyForDeploymentPostprocessing = 0;
		};
		1CA7AD1F249AA59D0064282D /* Frameworks */ = {
			isa = PBXFrameworksBuildPhase;
			buildActionMask = 2147483647;
			files = (
			);
			runOnlyForDeploymentPostprocessing = 0;
		};
		1CA7AD2A249AA59D0064282D /* Frameworks */ = {
			isa = PBXFrameworksBuildPhase;
			buildActionMask = 2147483647;
			files = (
			);
			runOnlyForDeploymentPostprocessing = 0;
		};
/* End PBXFrameworksBuildPhase section */

/* Begin PBXGroup section */
		1CA7AD03249AA5970064282D = {
			isa = PBXGroup;
			children = (
				1CA7AD0E249AA5980064282D /* Prototype */,
				1CA7AD25249AA59D0064282D /* PrototypeTests */,
				1CA7AD30249AA59D0064282D /* PrototypeUITests */,
				1CA7AD0D249AA5980064282D /* Products */,
			);
			sourceTree = "<group>";
		};
		1CA7AD0D249AA5980064282D /* Products */ = {
			isa = PBXGroup;
			children = (
				1CA7AD0C249AA5980064282D /* Prototype.app */,
				1CA7AD22249AA59D0064282D /* PrototypeTests.xctest */,
				1CA7AD2D249AA59D0064282D /* PrototypeUITests.xctest */,
			);
			name = Products;
			sourceTree = "<group>";
		};
		1CA7AD0E249AA5980064282D /* Prototype */ = {
			isa = PBXGroup;
			children = (
				1CA7AD0F249AA5980064282D /* AppDelegate.swift */,
				1CA7AD11249AA5980064282D /* SceneDelegate.swift */,
				1CA7AD13249AA5980064282D /* ViewController.swift */,
				1CA7AD15249AA5980064282D /* Main.storyboard */,
				1CA7AD18249AA59C0064282D /* Assets.xcassets */,
				1CA7AD1A249AA59C0064282D /* LaunchScreen.storyboard */,
				1CA7AD1D249AA59C0064282D /* Info.plist */,
			);
			path = Prototype;
			sourceTree = "<group>";
		};
		1CA7AD25249AA59D0064282D /* PrototypeTests */ = {
			isa = PBXGroup;
			children = (
				1CA7AD26249AA59D0064282D /* PrototypeTests.swift */,
				1CA7AD28249AA59D0064282D /* Info.plist */,
			);
			path = PrototypeTests;
			sourceTree = "<group>";
		};
		1CA7AD30249AA59D0064282D /* PrototypeUITests */ = {
			isa = PBXGroup;
			children = (
				1CA7AD31249AA59D0064282D /* PrototypeUITests.swift */,
				1CA7AD33249AA59D0064282D /* Info.plist */,
			);
			path = PrototypeUITests;
			sourceTree = "<group>";
		};
/* End PBXGroup section */

/* Begin PBXNativeTarget section */
		1CA7AD0B249AA5980064282D /* Prototype */ = {
			isa = PBXNativeTarget;
			buildConfigurationList = 1CA7AD36249AA59D0064282D /* Build configuration list for PBXNativeTarget "Prototype" */;
			buildPhases = (
				1CA7AD08249AA5980064282D /* Sources */,
				1CA7AD09249AA5980064282D /* Frameworks */,
				1CA7AD0A249AA5980064282D /* Resources */,
			);
			buildRules = (
			);
			dependencies = (
			);
			name = Prototype;
			productName = Prototype;
			productReference = 1CA7AD0C249AA5980064282D /* Prototype.app */;
			productType = "com.apple.product-type.application";
		};
		1CA7AD21249AA59D0064282D /* PrototypeTests */ = {
			isa = PBXNativeTarget;
			buildConfigurationList = 1CA7AD39249AA59D0064282D /* Build configuration list for PBXNativeTarget "PrototypeTests" */;
			buildPhases = (
				1CA7AD1E249AA59D0064282D /* Sources */,
				1CA7AD1F249AA59D0064282D /* Frameworks */,
				1CA7AD20249AA59D0064282D /* Resources */,
			);
			buildRules = (
			);
			dependencies = (
				1CA7AD24249AA59D0064282D /* PBXTargetDependency */,
			);
			name = PrototypeTests;
			productName = PrototypeTests;
			productReference = 1CA7AD22249AA59D0064282D /* PrototypeTests.xctest */;
			productType = "com.apple.product-type.bundle.unit-test";
		};
		1CA7AD2C249AA59D0064282D /* PrototypeUITests */ = {
			isa = PBXNativeTarget;
			buildConfigurationList = 1CA7AD3C249AA59D0064282D /* Build configuration list for PBXNativeTarget "PrototypeUITests" */;
			buildPhases = (
				1CA7AD29249AA59D0064282D /* Sources */,
				1CA7AD2A249AA59D0064282D /* Frameworks */,
				1CA7AD2B249AA59D0064282D /* Resources */,
			);
			buildRules = (
			);
			dependencies = (
				1CA7AD2F249AA59D0064282D /* PBXTargetDependency */,
			);
			name = PrototypeUITests;
			productName = PrototypeUITests;
			productReference = 1CA7AD2D249AA59D0064282D /* PrototypeUITests.xctest */;
			productType = "com.apple.product-type.bundle.ui-testing";
		};
/* End PBXNativeTarget section */

/* Begin PBXProject section */
		1CA7AD04249AA5970064282D /* Project object */ = {
			isa = PBXProject;
			attributes = {
				LastSwiftUpdateCheck = 1130;
				LastUpgradeCheck = 1130;
				ORGANIZATIONNAME = "2020 Interns";
				TargetAttributes = {
					1CA7AD0B249AA5980064282D = {
						CreatedOnToolsVersion = 11.3.1;
					};
					1CA7AD21249AA59D0064282D = {
						CreatedOnToolsVersion = 11.3.1;
						TestTargetID = 1CA7AD0B249AA5980064282D;
					};
					1CA7AD2C249AA59D0064282D = {
						CreatedOnToolsVersion = 11.3.1;
						TestTargetID = 1CA7AD0B249AA5980064282D;
					};
				};
			};
			buildConfigurationList = 1CA7AD07249AA5970064282D /* Build configuration list for PBXProject "Prototype" */;
			compatibilityVersion = "Xcode 9.3";
			developmentRegion = en;
			hasScannedForEncodings = 0;
			knownRegions = (
				en,
				Base,
			);
			mainGroup = 1CA7AD03249AA5970064282D;
			productRefGroup = 1CA7AD0D249AA5980064282D /* Products */;
			projectDirPath = "";
			projectRoot = "";
			targets = (
				1CA7AD0B249AA5980064282D /* Prototype */,
				1CA7AD21249AA59D0064282D /* PrototypeTests */,
				1CA7AD2C249AA59D0064282D /* PrototypeUITests */,
			);
		};
/* End PBXProject section */

/* Begin PBXResourcesBuildPhase section */
		1CA7AD0A249AA5980064282D /* Resources */ = {
			isa = PBXResourcesBuildPhase;
			buildActionMask = 2147483647;
			files = (
				1CA7AD1C249AA59C0064282D /* LaunchScreen.storyboard in Resources */,
				1CA7AD19249AA59C0064282D /* Assets.xcassets in Resources */,
				1CA7AD17249AA5980064282D /* Main.storyboard in Resources */,
			);
			runOnlyForDeploymentPostprocessing = 0;
		};
		1CA7AD20249AA59D0064282D /* Resources */ = {
			isa = PBXResourcesBuildPhase;
			buildActionMask = 2147483647;
			files = (
			);
			runOnlyForDeploymentPostprocessing = 0;
		};
		1CA7AD2B249AA59D0064282D /* Resources */ = {
			isa = PBXResourcesBuildPhase;
			buildActionMask = 2147483647;
			files = (
			);
			runOnlyForDeploymentPostprocessing = 0;
		};
/* End PBXResourcesBuildPhase section */

/* Begin PBXSourcesBuildPhase section */
		1CA7AD08249AA5980064282D /* Sources */ = {
			isa = PBXSourcesBuildPhase;
			buildActionMask = 2147483647;
			files = (
				1CA7AD14249AA5980064282D /* ViewController.swift in Sources */,
				1CA7AD10249AA5980064282D /* AppDelegate.swift in Sources */,
				1CA7AD12249AA5980064282D /* SceneDelegate.swift in Sources */,
			);
			runOnlyForDeploymentPostprocessing = 0;
		};
		1CA7AD1E249AA59D0064282D /* Sources */ = {
			isa = PBXSourcesBuildPhase;
			buildActionMask = 2147483647;
			files = (
				1CA7AD27249AA59D0064282D /* PrototypeTests.swift in Sources */,
			);
			runOnlyForDeploymentPostprocessing = 0;
		};
		1CA7AD29249AA59D0064282D /* Sources */ = {
			isa = PBXSourcesBuildPhase;
			buildActionMask = 2147483647;
			files = (
				1CA7AD32249AA59D0064282D /* PrototypeUITests.swift in Sources */,
			);
			runOnlyForDeploymentPostprocessing = 0;
		};
/* End PBXSourcesBuildPhase section */

/* Begin PBXTargetDependency section */
		1CA7AD24249AA59D0064282D /* PBXTargetDependency */ = {
			isa = PBXTargetDependency;
			target = 1CA7AD0B249AA5980064282D /* Prototype */;
			targetProxy = 1CA7AD23249AA59D0064282D /* PBXContainerItemProxy */;
		};
		1CA7AD2F249AA59D0064282D /* PBXTargetDependency */ = {
			isa = PBXTargetDependency;
			target = 1CA7AD0B249AA5980064282D /* Prototype */;
			targetProxy = 1CA7AD2E249AA59D0064282D /* PBXContainerItemProxy */;
		};
/* End PBXTargetDependency section */

/* Begin PBXVariantGroup section */
		1CA7AD15249AA5980064282D /* Main.storyboard */ = {
			isa = PBXVariantGroup;
			children = (
				1CA7AD16249AA5980064282D /* Base */,
			);
			name = Main.storyboard;
			sourceTree = "<group>";
		};
		1CA7AD1A249AA59C0064282D /* LaunchScreen.storyboard */ = {
			isa = PBXVariantGroup;
			children = (
				1CA7AD1B249AA59C0064282D /* Base */,
			);
			name = LaunchScreen.storyboard;
			sourceTree = "<group>";
		};
/* End PBXVariantGroup section */

/* Begin XCBuildConfiguration section */
		1CA7AD34249AA59D0064282D /* Debug */ = {
			isa = XCBuildConfiguration;
			buildSettings = {
				ALWAYS_SEARCH_USER_PATHS = NO;
				CLANG_ANALYZER_NONNULL = YES;
				CLANG_ANALYZER_NUMBER_OBJECT_CONVERSION = YES_AGGRESSIVE;
				CLANG_CXX_LANGUAGE_STANDARD = "gnu++14";
				CLANG_CXX_LIBRARY = "libc++";
				CLANG_ENABLE_MODULES = YES;
				CLANG_ENABLE_OBJC_ARC = YES;
				CLANG_ENABLE_OBJC_WEAK = YES;
				CLANG_WARN_BLOCK_CAPTURE_AUTORELEASING = YES;
				CLANG_WARN_BOOL_CONVERSION = YES;
				CLANG_WARN_COMMA = YES;
				CLANG_WARN_CONSTANT_CONVERSION = YES;
				CLANG_WARN_DEPRECATED_OBJC_IMPLEMENTATIONS = YES;
				CLANG_WARN_DIRECT_OBJC_ISA_USAGE = YES_ERROR;
				CLANG_WARN_DOCUMENTATION_COMMENTS = YES;
				CLANG_WARN_EMPTY_BODY = YES;
				CLANG_WARN_ENUM_CONVERSION = YES;
				CLANG_WARN_INFINITE_RECURSION = YES;
				CLANG_WARN_INT_CONVERSION = YES;
				CLANG_WARN_NON_LITERAL_NULL_CONVERSION = YES;
				CLANG_WARN_OBJC_IMPLICIT_RETAIN_SELF = YES;
				CLANG_WARN_OBJC_LITERAL_CONVERSION = YES;
				CLANG_WARN_OBJC_ROOT_CLASS = YES_ERROR;
				CLANG_WARN_RANGE_LOOP_ANALYSIS = YES;
				CLANG_WARN_STRICT_PROTOTYPES = YES;
				CLANG_WARN_SUSPICIOUS_MOVE = YES;
				CLANG_WARN_UNGUARDED_AVAILABILITY = YES_AGGRESSIVE;
				CLANG_WARN_UNREACHABLE_CODE = YES;
				CLANG_WARN__DUPLICATE_METHOD_MATCH = YES;
				COPY_PHASE_STRIP = NO;
				DEBUG_INFORMATION_FORMAT = dwarf;
				ENABLE_STRICT_OBJC_MSGSEND = YES;
				ENABLE_TESTABILITY = YES;
				GCC_C_LANGUAGE_STANDARD = gnu11;
				GCC_DYNAMIC_NO_PIC = NO;
				GCC_NO_COMMON_BLOCKS = YES;
				GCC_OPTIMIZATION_LEVEL = 0;
				GCC_PREPROCESSOR_DEFINITIONS = (
					"DEBUG=1",
					"$(inherited)",
				);
				GCC_WARN_64_TO_32_BIT_CONVERSION = YES;
				GCC_WARN_ABOUT_RETURN_TYPE = YES_ERROR;
				GCC_WARN_UNDECLARED_SELECTOR = YES;
				GCC_WARN_UNINITIALIZED_AUTOS = YES_AGGRESSIVE;
				GCC_WARN_UNUSED_FUNCTION = YES;
				GCC_WARN_UNUSED_VARIABLE = YES;
				IPHONEOS_DEPLOYMENT_TARGET = 13.2;
				MTL_ENABLE_DEBUG_INFO = INCLUDE_SOURCE;
				MTL_FAST_MATH = YES;
				ONLY_ACTIVE_ARCH = YES;
				SDKROOT = iphoneos;
				SWIFT_ACTIVE_COMPILATION_CONDITIONS = DEBUG;
				SWIFT_OPTIMIZATION_LEVEL = "-Onone";
			};
			name = Debug;
		};
		1CA7AD35249AA59D0064282D /* Release */ = {
			isa = XCBuildConfiguration;
			buildSettings = {
				ALWAYS_SEARCH_USER_PATHS = NO;
				CLANG_ANALYZER_NONNULL = YES;
				CLANG_ANALYZER_NUMBER_OBJECT_CONVERSION = YES_AGGRESSIVE;
				CLANG_CXX_LANGUAGE_STANDARD = "gnu++14";
				CLANG_CXX_LIBRARY = "libc++";
				CLANG_ENABLE_MODULES = YES;
				CLANG_ENABLE_OBJC_ARC = YES;
				CLANG_ENABLE_OBJC_WEAK = YES;
				CLANG_WARN_BLOCK_CAPTURE_AUTORELEASING = YES;
				CLANG_WARN_BOOL_CONVERSION = YES;
				CLANG_WARN_COMMA = YES;
				CLANG_WARN_CONSTANT_CONVERSION = YES;
				CLANG_WARN_DEPRECATED_OBJC_IMPLEMENTATIONS = YES;
				CLANG_WARN_DIRECT_OBJC_ISA_USAGE = YES_ERROR;
				CLANG_WARN_DOCUMENTATION_COMMENTS = YES;
				CLANG_WARN_EMPTY_BODY = YES;
				CLANG_WARN_ENUM_CONVERSION = YES;
				CLANG_WARN_INFINITE_RECURSION = YES;
				CLANG_WARN_INT_CONVERSION = YES;
				CLANG_WARN_NON_LITERAL_NULL_CONVERSION = YES;
				CLANG_WARN_OBJC_IMPLICIT_RETAIN_SELF = YES;
				CLANG_WARN_OBJC_LITERAL_CONVERSION = YES;
				CLANG_WARN_OBJC_ROOT_CLASS = YES_ERROR;
				CLANG_WARN_RANGE_LOOP_ANALYSIS = YES;
				CLANG_WARN_STRICT_PROTOTYPES = YES;
				CLANG_WARN_SUSPICIOUS_MOVE = YES;
				CLANG_WARN_UNGUARDED_AVAILABILITY = YES_AGGRESSIVE;
				CLANG_WARN_UNREACHABLE_CODE = YES;
				CLANG_WARN__DUPLICATE_METHOD_MATCH = YES;
				COPY_PHASE_STRIP = NO;
				DEBUG_INFORMATION_FORMAT = "dwarf-with-dsym";
				ENABLE_NS_ASSERTIONS = NO;
				ENABLE_STRICT_OBJC_MSGSEND = YES;
				GCC_C_LANGUAGE_STANDARD = gnu11;
				GCC_NO_COMMON_BLOCKS = YES;
				GCC_WARN_64_TO_32_BIT_CONVERSION = YES;
				GCC_WARN_ABOUT_RETURN_TYPE = YES_ERROR;
				GCC_WARN_UNDECLARED_SELECTOR = YES;
				GCC_WARN_UNINITIALIZED_AUTOS = YES_AGGRESSIVE;
				GCC_WARN_UNUSED_FUNCTION = YES;
				GCC_WARN_UNUSED_VARIABLE = YES;
				IPHONEOS_DEPLOYMENT_TARGET = 13.2;
				MTL_ENABLE_DEBUG_INFO = NO;
				MTL_FAST_MATH = YES;
				SDKROOT = iphoneos;
				SWIFT_COMPILATION_MODE = wholemodule;
				SWIFT_OPTIMIZATION_LEVEL = "-O";
				VALIDATE_PRODUCT = YES;
			};
			name = Release;
		};
		1CA7AD37249AA59D0064282D /* Debug */ = {
			isa = XCBuildConfiguration;
			buildSettings = {
				ASSETCATALOG_COMPILER_APPICON_NAME = AppIcon;
				CODE_SIGN_STYLE = Automatic;
				INFOPLIST_FILE = Prototype/Info.plist;
				LD_RUNPATH_SEARCH_PATHS = (
					"$(inherited)",
					"@executable_path/Frameworks",
				);
				PRODUCT_BUNDLE_IDENTIFIER = com.2020interns.Prototype;
				PRODUCT_NAME = "$(TARGET_NAME)";
				SWIFT_VERSION = 5.0;
				TARGETED_DEVICE_FAMILY = "1,2";
			};
			name = Debug;
		};
		1CA7AD38249AA59D0064282D /* Release */ = {
			isa = XCBuildConfiguration;
			buildSettings = {
				ASSETCATALOG_COMPILER_APPICON_NAME = AppIcon;
				CODE_SIGN_STYLE = Automatic;
				INFOPLIST_FILE = Prototype/Info.plist;
				LD_RUNPATH_SEARCH_PATHS = (
					"$(inherited)",
					"@executable_path/Frameworks",
				);
				PRODUCT_BUNDLE_IDENTIFIER = com.2020interns.Prototype;
				PRODUCT_NAME = "$(TARGET_NAME)";
				SWIFT_VERSION = 5.0;
				TARGETED_DEVICE_FAMILY = "1,2";
			};
			name = Release;
		};
		1CA7AD3A249AA59D0064282D /* Debug */ = {
			isa = XCBuildConfiguration;
			buildSettings = {
				ALWAYS_EMBED_SWIFT_STANDARD_LIBRARIES = YES;
				BUNDLE_LOADER = "$(TEST_HOST)";
				CODE_SIGN_STYLE = Automatic;
				INFOPLIST_FILE = PrototypeTests/Info.plist;
				IPHONEOS_DEPLOYMENT_TARGET = 13.2;
				LD_RUNPATH_SEARCH_PATHS = (
					"$(inherited)",
					"@executable_path/Frameworks",
					"@loader_path/Frameworks",
				);
				PRODUCT_BUNDLE_IDENTIFIER = com.2020interns.PrototypeTests;
				PRODUCT_NAME = "$(TARGET_NAME)";
				SWIFT_VERSION = 5.0;
				TARGETED_DEVICE_FAMILY = "1,2";
				TEST_HOST = "$(BUILT_PRODUCTS_DIR)/Prototype.app/Prototype";
			};
			name = Debug;
		};
		1CA7AD3B249AA59D0064282D /* Release */ = {
			isa = XCBuildConfiguration;
			buildSettings = {
				ALWAYS_EMBED_SWIFT_STANDARD_LIBRARIES = YES;
				BUNDLE_LOADER = "$(TEST_HOST)";
				CODE_SIGN_STYLE = Automatic;
				INFOPLIST_FILE = PrototypeTests/Info.plist;
				IPHONEOS_DEPLOYMENT_TARGET = 13.2;
				LD_RUNPATH_SEARCH_PATHS = (
					"$(inherited)",
					"@executable_path/Frameworks",
					"@loader_path/Frameworks",
				);
				PRODUCT_BUNDLE_IDENTIFIER = com.2020interns.PrototypeTests;
				PRODUCT_NAME = "$(TARGET_NAME)";
				SWIFT_VERSION = 5.0;
				TARGETED_DEVICE_FAMILY = "1,2";
				TEST_HOST = "$(BUILT_PRODUCTS_DIR)/Prototype.app/Prototype";
			};
			name = Release;
		};
		1CA7AD3D249AA59D0064282D /* Debug */ = {
			isa = XCBuildConfiguration;
			buildSettings = {
				ALWAYS_EMBED_SWIFT_STANDARD_LIBRARIES = YES;
				CODE_SIGN_STYLE = Automatic;
				INFOPLIST_FILE = PrototypeUITests/Info.plist;
				LD_RUNPATH_SEARCH_PATHS = (
					"$(inherited)",
					"@executable_path/Frameworks",
					"@loader_path/Frameworks",
				);
				PRODUCT_BUNDLE_IDENTIFIER = com.2020interns.PrototypeUITests;
				PRODUCT_NAME = "$(TARGET_NAME)";
				SWIFT_VERSION = 5.0;
				TARGETED_DEVICE_FAMILY = "1,2";
				TEST_TARGET_NAME = Prototype;
			};
			name = Debug;
		};
		1CA7AD3E249AA59D0064282D /* Release */ = {
			isa = XCBuildConfiguration;
			buildSettings = {
				ALWAYS_EMBED_SWIFT_STANDARD_LIBRARIES = YES;
				CODE_SIGN_STYLE = Automatic;
				INFOPLIST_FILE = PrototypeUITests/Info.plist;
				LD_RUNPATH_SEARCH_PATHS = (
					"$(inherited)",
					"@executable_path/Frameworks",
					"@loader_path/Frameworks",
				);
				PRODUCT_BUNDLE_IDENTIFIER = com.2020interns.PrototypeUITests;
				PRODUCT_NAME = "$(TARGET_NAME)";
				SWIFT_VERSION = 5.0;
				TARGETED_DEVICE_FAMILY = "1,2";
				TEST_TARGET_NAME = Prototype;
			};
			name = Release;
		};
/* End XCBuildConfiguration section */

/* Begin XCConfigurationList section */
		1CA7AD07249AA5970064282D /* Build configuration list for PBXProject "Prototype" */ = {
			isa = XCConfigurationList;
			buildConfigurations = (
				1CA7AD34249AA59D0064282D /* Debug */,
				1CA7AD35249AA59D0064282D /* Release */,
			);
			defaultConfigurationIsVisible = 0;
			defaultConfigurationName = Release;
		};
		1CA7AD36249AA59D0064282D /* Build configuration list for PBXNativeTarget "Prototype" */ = {
			isa = XCConfigurationList;
			buildConfigurations = (
				1CA7AD37249AA59D0064282D /* Debug */,
				1CA7AD38249AA59D0064282D /* Release */,
			);
			defaultConfigurationIsVisible = 0;
			defaultConfigurationName = Release;
		};
		1CA7AD39249AA59D0064282D /* Build configuration list for PBXNativeTarget "PrototypeTests" */ = {
			isa = XCConfigurationList;
			buildConfigurations = (
				1CA7AD3A249AA59D0064282D /* Debug */,
				1CA7AD3B249AA59D0064282D /* Release */,
			);
			defaultConfigurationIsVisible = 0;
			defaultConfigurationName = Release;
		};
		1CA7AD3C249AA59D0064282D /* Build configuration list for PBXNativeTarget "PrototypeUITests" */ = {
			isa = XCConfigurationList;
			buildConfigurations = (
				1CA7AD3D249AA59D0064282D /* Debug */,
				1CA7AD3E249AA59D0064282D /* Release */,
			);
			defaultConfigurationIsVisible = 0;
			defaultConfigurationName = Release;
		};
/* End XCConfigurationList section */
	};
	rootObject = 1CA7AD04249AA5970064282D /* Project object */;
}
